
Microsoft Visual Studio Solution File, Format Version 12.00
# Visual Studio Version 16
VisualStudioVersion = 16.0.31205.134
MinimumVisualStudioVersion = 10.0.40219.1
Project("{FAE04EC0-301F-11D3-BF4B-00C04F79EFBC}") = "TaijuEditor", "TaijuEditor\TaijuEditor.csproj", "{76950FCC-E685-489F-B699-AC80BB368AAC}"
EndProject
Project("{FAE04EC0-301F-11D3-BF4B-00C04F79EFBC}") = "TaijuTests", "TaijuTests\TaijuTests.csproj", "{55102657-3081-43B3-A8A3-3EC06493AEC7}"
EndProject
Global
	GlobalSection(SolutionConfigurationPlatforms) = preSolution
		Debug|Any CPU = Debug|Any CPU
		Release|Any CPU = Release|Any CPU
	EndGlobalSection
	GlobalSection(ProjectConfigurationPlatforms) = postSolution
		{76950FCC-E685-489F-B699-AC80BB368AAC}.Debug|Any CPU.ActiveCfg = Debug|Any CPU
		{76950FCC-E685-489F-B699-AC80BB368AAC}.Debug|Any CPU.Build.0 = Debug|Any CPU
		{76950FCC-E685-489F-B699-AC80BB368AAC}.Release|Any CPU.ActiveCfg = Release|Any CPU
		{76950FCC-E685-489F-B699-AC80BB368AAC}.Release|Any CPU.Build.0 = Release|Any CPU
		{55102657-3081-43B3-A8A3-3EC06493AEC7}.Debug|Any CPU.ActiveCfg = Debug|Any CPU
		{55102657-3081-43B3-A8A3-3EC06493AEC7}.Debug|Any CPU.Build.0 = Debug|Any CPU
		{55102657-3081-43B3-A8A3-3EC06493AEC7}.Release|Any CPU.ActiveCfg = Release|Any CPU
		{55102657-3081-43B3-A8A3-3EC06493AEC7}.Release|Any CPU.Build.0 = Release|Any CPU
	EndGlobalSection
	GlobalSection(SolutionProperties) = preSolution
		HideSolutionNode = FALSE
	EndGlobalSection
	GlobalSection(ExtensibilityGlobals) = postSolution
		SolutionGuid = {C6B2CA69-55C9-4C19-9DD3-1B8C42268B88}
	EndGlobalSection
EndGlobal
